
Microsoft Visual Studio Solution File, Format Version 12.00
# Visual Studio Version 16
VisualStudioVersion = 16.0.32802.440
MinimumVisualStudioVersion = 10.0.40219.1
Project("{FAE04EC0-301F-11D3-BF4B-00C04F79EFBC}") = "md07_CadernoExercicios_04", "md07_CadernoExercicios_04.csproj", "{244A487B-F7EE-4279-8616-4BCF993F8F47}"
EndProject
Global
	GlobalSection(SolutionConfigurationPlatforms) = preSolution
		Debug|Any CPU = Debug|Any CPU
		Release|Any CPU = Release|Any CPU
	EndGlobalSection
	GlobalSection(ProjectConfigurationPlatforms) = postSolution
		{244A487B-F7EE-4279-8616-4BCF993F8F47}.Debug|Any CPU.ActiveCfg = Debug|Any CPU
		{244A487B-F7EE-4279-8616-4BCF993F8F47}.Debug|Any CPU.Build.0 = Debug|Any CPU
		{244A487B-F7EE-4279-8616-4BCF993F8F47}.Release|Any CPU.ActiveCfg = Release|Any CPU
		{244A487B-F7EE-4279-8616-4BCF993F8F47}.Release|Any CPU.Build.0 = Release|Any CPU
	EndGlobalSection
	GlobalSection(SolutionProperties) = preSolution
		HideSolutionNode = FALSE
	EndGlobalSection
	GlobalSection(ExtensibilityGlobals) = postSolution
		SolutionGuid = {14B6A883-E7CB-4DA8-87E1-EEFC69DFE106}
	EndGlobalSection
EndGlobal
